{
  "version": 4,
  "terraform_version": "0.12.26",
  "serial": 41,
  "lineage": "fbc576f7-965e-5629-9716-0eb0bf9f420b",
  "outputs": {},
  "resources": [
    {
      "mode": "managed",
      "type": "azurerm_network_interface",
      "name": "example_nic",
      "each": "list",
      "provider": "provider.azurerm",
      "instances": [
        {
          "index_key": 0,
          "schema_version": 0,
          "attributes": {
            "applied_dns_servers": [],
            "dns_servers": [],
            "enable_accelerated_networking": false,
            "enable_ip_forwarding": false,
            "id": "/subscriptions/c86e533e-2a27-47c7-a63a-62bf121d78f9/resourceGroups/terraform1-RG/providers/Microsoft.Network/networkInterfaces/terraform1-00-NIC",
            "internal_dns_name_label": "",
            "ip_configuration": [
              {
                "name": "internal",
                "primary": true,
                "private_ip_address": "1.0.1.4",
                "private_ip_address_allocation": "Dynamic",
                "private_ip_address_version": "IPv4",
                "public_ip_address_id": "/subscriptions/c86e533e-2a27-47c7-a63a-62bf121d78f9/resourceGroups/terraform1-RG/providers/Microsoft.Network/publicIPAddresses/terraform1-00-PublicIP",
                "subnet_id": "/subscriptions/c86e533e-2a27-47c7-a63a-62bf121d78f9/resourceGroups/terraform1-RG/providers/Microsoft.Network/virtualNetworks/terraform1-vnet/subnets/terraform1-subnet"
              }
            ],
            "location": "eastus",
            "mac_address": "00-0D-3A-4D-BB-05",
            "name": "terraform1-00-NIC",
            "private_ip_address": "1.0.1.4",
            "private_ip_addresses": [
              "1.0.1.4"
            ],
            "resource_group_name": "terraform1-RG",
            "tags": {},
            "timeouts": null,
            "virtual_machine_id": "/subscriptions/c86e533e-2a27-47c7-a63a-62bf121d78f9/resourceGroups/terraform1-RG/providers/Microsoft.Compute/virtualMachines/terraform1-00"
          },
          "private": "eyJlMmJmYjczMC1lY2FhLTExZTYtOGY4OC0zNDM2M2JjN2M0YzAiOnsiY3JlYXRlIjoxODAwMDAwMDAwMDAwLCJkZWxldGUiOjE4MDAwMDAwMDAwMDAsInJlYWQiOjMwMDAwMDAwMDAwMCwidXBkYXRlIjoxODAwMDAwMDAwMDAwfX0=",
          "dependencies": [
            "azurerm_public_ip.example_public_ip",
            "azurerm_resource_group.example_rg",
            "azurerm_subnet.example_subnet",
            "azurerm_virtual_network.example_vnet"
          ]
        }
      ]
    },
    {
      "mode": "managed",
      "type": "azurerm_network_security_group",
      "name": "example_nsg",
      "provider": "provider.azurerm",
      "instances": [
        {
          "schema_version": 0,
          "attributes": {
            "id": "/subscriptions/c86e533e-2a27-47c7-a63a-62bf121d78f9/resourceGroups/terraform1-RG/providers/Microsoft.Network/networkSecurityGroups/terraform1-NSG",
            "location": "eastus",
            "name": "terraform1-NSG",
            "resource_group_name": "terraform1-RG",
            "security_rule": [
              {
                "access": "Allow",
                "description": "",
                "destination_address_prefix": "*",
                "destination_address_prefixes": [],
                "destination_application_security_group_ids": [],
                "destination_port_range": "*",
                "destination_port_ranges": [],
                "direction": "Inbound",
                "name": "Inbound",
                "priority": 100,
                "protocol": "Tcp",
                "source_address_prefix": "*",
                "source_address_prefixes": [],
                "source_application_security_group_ids": [],
                "source_port_range": "*",
                "source_port_ranges": []
              }
            ],
            "tags": {
              "environment": "Test"
            },
            "timeouts": null
          },
          "private": "eyJlMmJmYjczMC1lY2FhLTExZTYtOGY4OC0zNDM2M2JjN2M0YzAiOnsiY3JlYXRlIjoxODAwMDAwMDAwMDAwLCJkZWxldGUiOjE4MDAwMDAwMDAwMDAsInJlYWQiOjMwMDAwMDAwMDAwMCwidXBkYXRlIjoxODAwMDAwMDAwMDAwfX0=",
          "dependencies": [
            "azurerm_resource_group.example_rg"
          ]
        }
      ]
    },
    {
      "mode": "managed",
      "type": "azurerm_public_ip",
      "name": "example_public_ip",
      "each": "list",
      "provider": "provider.azurerm",
      "instances": [
        {
          "index_key": 0,
          "schema_version": 0,
          "attributes": {
            "allocation_method": "Static",
            "domain_name_label": "testip-dns",
            "fqdn": "testip-dns.eastus.cloudapp.azure.com",
            "id": "/subscriptions/c86e533e-2a27-47c7-a63a-62bf121d78f9/resourceGroups/terraform1-RG/providers/Microsoft.Network/publicIPAddresses/terraform1-00-PublicIP",
            "idle_timeout_in_minutes": 4,
            "ip_address": "40.117.152.150",
            "ip_version": "IPv4",
            "location": "eastus",
            "name": "terraform1-00-PublicIP",
            "public_ip_prefix_id": null,
            "resource_group_name": "terraform1-RG",
            "reverse_fqdn": "",
            "sku": "Basic",
            "tags": {
              "environment": "Test"
            },
            "timeouts": null,
            "zones": []
          },
          "private": "eyJlMmJmYjczMC1lY2FhLTExZTYtOGY4OC0zNDM2M2JjN2M0YzAiOnsiY3JlYXRlIjoxODAwMDAwMDAwMDAwLCJkZWxldGUiOjE4MDAwMDAwMDAwMDAsInJlYWQiOjMwMDAwMDAwMDAwMCwidXBkYXRlIjoxODAwMDAwMDAwMDAwfX0=",
          "dependencies": [
            "azurerm_resource_group.example_rg"
          ]
        }
      ]
    },
    {
      "mode": "managed",
      "type": "azurerm_resource_group",
      "name": "example_rg",
      "provider": "provider.azurerm",
      "instances": [
        {
          "schema_version": 0,
          "attributes": {
            "id": "/subscriptions/c86e533e-2a27-47c7-a63a-62bf121d78f9/resourceGroups/terraform1-RG",
            "location": "eastus",
            "name": "terraform1-RG",
            "tags": {},
            "timeouts": null
          },
          "private": "eyJlMmJmYjczMC1lY2FhLTExZTYtOGY4OC0zNDM2M2JjN2M0YzAiOnsiY3JlYXRlIjo1NDAwMDAwMDAwMDAwLCJkZWxldGUiOjU0MDAwMDAwMDAwMDAsInJlYWQiOjMwMDAwMDAwMDAwMCwidXBkYXRlIjo1NDAwMDAwMDAwMDAwfX0="
        }
      ]
    },
    {
      "mode": "managed",
      "type": "azurerm_sql_server",
      "name": "example_sql_server",
      "provider": "provider.azurerm",
      "instances": [
        {
          "schema_version": 0,
          "attributes": {
            "administrator_login": "dbadmin",
            "administrator_login_password": "techtest@123",
            "fully_qualified_domain_name": "terraformtechtestdbserver.database.windows.net",
            "id": "/subscriptions/c86e533e-2a27-47c7-a63a-62bf121d78f9/resourceGroups/terraform1-RG/providers/Microsoft.Sql/servers/terraformtechtestdbserver",
            "identity": [],
            "location": "eastus",
            "name": "terraformtechtestdbserver",
            "resource_group_name": "terraform1-RG",
            "tags": null,
            "timeouts": null,
            "version": "12.0"
          },
          "private": "eyJlMmJmYjczMC1lY2FhLTExZTYtOGY4OC0zNDM2M2JjN2M0YzAiOnsiY3JlYXRlIjozNjAwMDAwMDAwMDAwLCJkZWxldGUiOjM2MDAwMDAwMDAwMDAsInJlYWQiOjMwMDAwMDAwMDAwMCwidXBkYXRlIjozNjAwMDAwMDAwMDAwfX0=",
          "dependencies": [
            "azurerm_resource_group.example_rg"
          ]
        }
      ]
    },
    {
      "mode": "managed",
      "type": "azurerm_subnet",
      "name": "example_subnet",
      "provider": "provider.azurerm",
      "instances": [
        {
          "schema_version": 0,
          "attributes": {
            "address_prefix": "1.0.1.0/24",
            "delegation": [],
            "enforce_private_link_endpoint_network_policies": false,
            "enforce_private_link_service_network_policies": false,
            "id": "/subscriptions/c86e533e-2a27-47c7-a63a-62bf121d78f9/resourceGroups/terraform1-RG/providers/Microsoft.Network/virtualNetworks/terraform1-vnet/subnets/terraform1-subnet",
            "name": "terraform1-subnet",
            "resource_group_name": "terraform1-RG",
            "service_endpoints": [],
            "timeouts": null,
            "virtual_network_name": "terraform1-vnet"
          },
          "private": "eyJlMmJmYjczMC1lY2FhLTExZTYtOGY4OC0zNDM2M2JjN2M0YzAiOnsiY3JlYXRlIjoxODAwMDAwMDAwMDAwLCJkZWxldGUiOjE4MDAwMDAwMDAwMDAsInJlYWQiOjMwMDAwMDAwMDAwMCwidXBkYXRlIjoxODAwMDAwMDAwMDAwfX0=",
          "dependencies": [
            "azurerm_resource_group.example_rg",
            "azurerm_virtual_network.example_vnet"
          ]
        }
      ]
    },
    {
      "mode": "managed",
      "type": "azurerm_subnet_network_security_group_association",
      "name": "example_subnet_nsg_association",
      "provider": "provider.azurerm",
      "instances": [
        {
          "schema_version": 0,
          "attributes": {
            "id": "/subscriptions/c86e533e-2a27-47c7-a63a-62bf121d78f9/resourceGroups/terraform1-RG/providers/Microsoft.Network/virtualNetworks/terraform1-vnet/subnets/terraform1-subnet",
            "network_security_group_id": "/subscriptions/c86e533e-2a27-47c7-a63a-62bf121d78f9/resourceGroups/terraform1-RG/providers/Microsoft.Network/networkSecurityGroups/terraform1-NSG",
            "subnet_id": "/subscriptions/c86e533e-2a27-47c7-a63a-62bf121d78f9/resourceGroups/terraform1-RG/providers/Microsoft.Network/virtualNetworks/terraform1-vnet/subnets/terraform1-subnet",
            "timeouts": null
          },
          "private": "eyJlMmJmYjczMC1lY2FhLTExZTYtOGY4OC0zNDM2M2JjN2M0YzAiOnsiY3JlYXRlIjoxODAwMDAwMDAwMDAwLCJkZWxldGUiOjE4MDAwMDAwMDAwMDAsInJlYWQiOjMwMDAwMDAwMDAwMCwidXBkYXRlIjoxODAwMDAwMDAwMDAwfX0=",
          "dependencies": [
            "azurerm_network_security_group.example_nsg",
            "azurerm_resource_group.example_rg",
            "azurerm_subnet.example_subnet",
            "azurerm_virtual_network.example_vnet"
          ]
        }
      ]
    },
    {
      "mode": "managed",
      "type": "azurerm_virtual_machine",
      "name": "example_windows_vm",
      "each": "list",
      "provider": "provider.azurerm",
      "instances": [
        {
          "index_key": 0,
          "schema_version": 0,
          "attributes": {
            "additional_capabilities": [],
            "availability_set_id": null,
            "boot_diagnostics": [],
            "delete_data_disks_on_termination": false,
            "delete_os_disk_on_termination": false,
            "id": "/subscriptions/c86e533e-2a27-47c7-a63a-62bf121d78f9/resourceGroups/terraform1-RG/providers/Microsoft.Compute/virtualMachines/terraform1-00",
            "identity": [],
            "license_type": null,
            "location": "eastus",
            "name": "terraform1-00",
            "network_interface_ids": [
              "/subscriptions/c86e533e-2a27-47c7-a63a-62bf121d78f9/resourceGroups/terraform1-RG/providers/Microsoft.Network/networkInterfaces/terraform1-00-NIC"
            ],
            "os_profile": [
              {
                "admin_password": "",
                "admin_username": "techtest",
                "computer_name": "terraformserver",
                "custom_data": ""
              }
            ],
            "os_profile_linux_config": [],
            "os_profile_secrets": [],
            "os_profile_windows_config": [
              {
                "additional_unattend_config": [],
                "enable_automatic_upgrades": false,
                "provision_vm_agent": false,
                "timezone": "",
                "winrm": []
              }
            ],
            "plan": [],
            "primary_network_interface_id": null,
            "proximity_placement_group_id": null,
            "resource_group_name": "terraform1-RG",
            "storage_data_disk": [],
            "storage_image_reference": [
              {
                "id": "",
                "offer": "WindowsServer",
                "publisher": "MicrosoftWindowsServer",
                "sku": "2019-Datacenter",
                "version": "latest"
              }
            ],
            "storage_os_disk": [
              {
                "caching": "ReadWrite",
                "create_option": "FromImage",
                "disk_size_gb": 127,
                "image_uri": "",
                "managed_disk_id": "/subscriptions/c86e533e-2a27-47c7-a63a-62bf121d78f9/resourceGroups/terraform1-RG/providers/Microsoft.Compute/disks/myosdisk-0",
                "managed_disk_type": "Standard_LRS",
                "name": "myosdisk-0",
                "os_type": "Windows",
                "vhd_uri": "",
                "write_accelerator_enabled": false
              }
            ],
            "tags": {
              "environment": "Test"
            },
            "timeouts": null,
            "vm_size": "Standard_DS2_v2",
            "zones": []
          },
          "private": "eyJlMmJmYjczMC1lY2FhLTExZTYtOGY4OC0zNDM2M2JjN2M0YzAiOnsiY3JlYXRlIjozNjAwMDAwMDAwMDAwLCJkZWxldGUiOjM2MDAwMDAwMDAwMDAsInJlYWQiOjMwMDAwMDAwMDAwMCwidXBkYXRlIjozNjAwMDAwMDAwMDAwfX0=",
          "dependencies": [
            "azurerm_network_interface.example_nic",
            "azurerm_public_ip.example_public_ip",
            "azurerm_resource_group.example_rg",
            "azurerm_subnet.example_subnet",
            "azurerm_virtual_network.example_vnet"
          ]
        }
      ]
    },
    {
      "mode": "managed",
      "type": "azurerm_virtual_network",
      "name": "example_vnet",
      "provider": "provider.azurerm",
      "instances": [
        {
          "schema_version": 0,
          "attributes": {
            "address_space": [
              "1.0.0.0/16"
            ],
            "ddos_protection_plan": [],
            "dns_servers": [],
            "id": "/subscriptions/c86e533e-2a27-47c7-a63a-62bf121d78f9/resourceGroups/terraform1-RG/providers/Microsoft.Network/virtualNetworks/terraform1-vnet",
            "location": "eastus",
            "name": "terraform1-vnet",
            "resource_group_name": "terraform1-RG",
            "subnet": [
              {
                "address_prefix": "1.0.1.0/24",
                "id": "/subscriptions/c86e533e-2a27-47c7-a63a-62bf121d78f9/resourceGroups/terraform1-RG/providers/Microsoft.Network/virtualNetworks/terraform1-vnet/subnets/terraform1-subnet",
                "name": "terraform1-subnet",
                "security_group": "/subscriptions/c86e533e-2a27-47c7-a63a-62bf121d78f9/resourceGroups/terraform1-RG/providers/Microsoft.Network/networkSecurityGroups/terraform1-NSG"
              }
            ],
            "tags": {},
            "timeouts": null
          },
          "private": "eyJlMmJmYjczMC1lY2FhLTExZTYtOGY4OC0zNDM2M2JjN2M0YzAiOnsiY3JlYXRlIjoxODAwMDAwMDAwMDAwLCJkZWxldGUiOjE4MDAwMDAwMDAwMDAsInJlYWQiOjMwMDAwMDAwMDAwMCwidXBkYXRlIjoxODAwMDAwMDAwMDAwfX0=",
          "dependencies": [
            "azurerm_resource_group.example_rg"
          ]
        }
      ]
    }
  ]
}
